// !$*UTF8*$!
{
	archiveVersion = 1;
	classes = {
	};
	objectVersion = 56;
	objects = {

/* Begin PBXBuildFile section */
		F552E868292F527A00B9E552 /* RankingUsers.swift in Sources */ = {isa = PBXBuildFile; fileRef = F552E867292F527A00B9E552 /* RankingUsers.swift */; };
		F552E86A292F52F000B9E552 /* RankingUserLine.swift in Sources */ = {isa = PBXBuildFile; fileRef = F552E869292F52F000B9E552 /* RankingUserLine.swift */; };
		F552E86E292F5EBD00B9E552 /* MatchType.swift in Sources */ = {isa = PBXBuildFile; fileRef = F552E86D292F5EBD00B9E552 /* MatchType.swift */; };
		F552E870292F5F4B00B9E552 /* MatchTypeRepository.swift in Sources */ = {isa = PBXBuildFile; fileRef = F552E86F292F5F4B00B9E552 /* MatchTypeRepository.swift */; };
		F552E872292F619200B9E552 /* MatchTypeService.swift in Sources */ = {isa = PBXBuildFile; fileRef = F552E871292F619200B9E552 /* MatchTypeService.swift */; };
		F558134A292B5FB600BD8E41 /* AscaGamesApp.swift in Sources */ = {isa = PBXBuildFile; fileRef = F5581349292B5FB600BD8E41 /* AscaGamesApp.swift */; };
		F558134C292B5FB600BD8E41 /* ContentView.swift in Sources */ = {isa = PBXBuildFile; fileRef = F558134B292B5FB600BD8E41 /* ContentView.swift */; };
		F558134E292B5FBA00BD8E41 /* Assets.xcassets in Resources */ = {isa = PBXBuildFile; fileRef = F558134D292B5FBA00BD8E41 /* Assets.xcassets */; };
		F5581351292B5FBA00BD8E41 /* Preview Assets.xcassets in Resources */ = {isa = PBXBuildFile; fileRef = F5581350292B5FBA00BD8E41 /* Preview Assets.xcassets */; };
		F5581359292B643F00BD8E41 /* DashBoardView.swift in Sources */ = {isa = PBXBuildFile; fileRef = F5581358292B643F00BD8E41 /* DashBoardView.swift */; };
		F558135B292B646A00BD8E41 /* MatchesView.swift in Sources */ = {isa = PBXBuildFile; fileRef = F558135A292B646A00BD8E41 /* MatchesView.swift */; };
		F558135D292B649800BD8E41 /* UsersView.swift in Sources */ = {isa = PBXBuildFile; fileRef = F558135C292B649800BD8E41 /* UsersView.swift */; };
		F5581360292B6EA600BD8E41 /* Extensions.swift in Sources */ = {isa = PBXBuildFile; fileRef = F558135F292B6EA600BD8E41 /* Extensions.swift */; };
		F5581364292B751800BD8E41 /* ModifyUsers.swift in Sources */ = {isa = PBXBuildFile; fileRef = F5581363292B751800BD8E41 /* ModifyUsers.swift */; };
		F558136A292B835800BD8E41 /* EditUserLine.swift in Sources */ = {isa = PBXBuildFile; fileRef = F5581369292B835800BD8E41 /* EditUserLine.swift */; };
		F558136D292B843600BD8E41 /* User.swift in Sources */ = {isa = PBXBuildFile; fileRef = F558136C292B843600BD8E41 /* User.swift */; };
		F5581E6F292BBC6D00D40034 /* MainTheme.swift in Sources */ = {isa = PBXBuildFile; fileRef = F5581E6E292BBC6D00D40034 /* MainTheme.swift */; };
		F560FC74292BDE67005E4336 /* UserService.swift in Sources */ = {isa = PBXBuildFile; fileRef = F560FC73292BDE67005E4336 /* UserService.swift */; };
		F5D3966C292E60590067F2CA /* SQLite in Frameworks */ = {isa = PBXBuildFile; productRef = F5D3966B292E60590067F2CA /* SQLite */; };
		F5D3966E292E61850067F2CA /* SqliteService.swift in Sources */ = {isa = PBXBuildFile; fileRef = F5D3966D292E61850067F2CA /* SqliteService.swift */; };
		F5D39671292E64120067F2CA /* UserRepository.swift in Sources */ = {isa = PBXBuildFile; fileRef = F5D39670292E64120067F2CA /* UserRepository.swift */; };
/* End PBXBuildFile section */

/* Begin PBXFileReference section */
		F552E867292F527A00B9E552 /* RankingUsers.swift */ = {isa = PBXFileReference; lastKnownFileType = sourcecode.swift; path = RankingUsers.swift; sourceTree = "<group>"; };
		F552E869292F52F000B9E552 /* RankingUserLine.swift */ = {isa = PBXFileReference; lastKnownFileType = sourcecode.swift; path = RankingUserLine.swift; sourceTree = "<group>"; };
		F552E86D292F5EBD00B9E552 /* MatchType.swift */ = {isa = PBXFileReference; lastKnownFileType = sourcecode.swift; path = MatchType.swift; sourceTree = "<group>"; };
		F552E86F292F5F4B00B9E552 /* MatchTypeRepository.swift */ = {isa = PBXFileReference; lastKnownFileType = sourcecode.swift; path = MatchTypeRepository.swift; sourceTree = "<group>"; };
		F552E871292F619200B9E552 /* MatchTypeService.swift */ = {isa = PBXFileReference; lastKnownFileType = sourcecode.swift; path = MatchTypeService.swift; sourceTree = "<group>"; };
		F5581346292B5FB600BD8E41 /* AscaGames.app */ = {isa = PBXFileReference; explicitFileType = wrapper.application; includeInIndex = 0; path = AscaGames.app; sourceTree = BUILT_PRODUCTS_DIR; };
		F5581349292B5FB600BD8E41 /* AscaGamesApp.swift */ = {isa = PBXFileReference; lastKnownFileType = sourcecode.swift; path = AscaGamesApp.swift; sourceTree = "<group>"; };
		F558134B292B5FB600BD8E41 /* ContentView.swift */ = {isa = PBXFileReference; lastKnownFileType = sourcecode.swift; path = ContentView.swift; sourceTree = "<group>"; };
		F558134D292B5FBA00BD8E41 /* Assets.xcassets */ = {isa = PBXFileReference; lastKnownFileType = folder.assetcatalog; path = Assets.xcassets; sourceTree = "<group>"; };
		F5581350292B5FBA00BD8E41 /* Preview Assets.xcassets */ = {isa = PBXFileReference; lastKnownFileType = folder.assetcatalog; path = "Preview Assets.xcassets"; sourceTree = "<group>"; };
		F5581358292B643F00BD8E41 /* DashBoardView.swift */ = {isa = PBXFileReference; lastKnownFileType = sourcecode.swift; path = DashBoardView.swift; sourceTree = "<group>"; };
		F558135A292B646A00BD8E41 /* MatchesView.swift */ = {isa = PBXFileReference; lastKnownFileType = sourcecode.swift; path = MatchesView.swift; sourceTree = "<group>"; };
		F558135C292B649800BD8E41 /* UsersView.swift */ = {isa = PBXFileReference; lastKnownFileType = sourcecode.swift; path = UsersView.swift; sourceTree = "<group>"; };
		F558135F292B6EA600BD8E41 /* Extensions.swift */ = {isa = PBXFileReference; lastKnownFileType = sourcecode.swift; path = Extensions.swift; sourceTree = "<group>"; };
		F5581363292B751800BD8E41 /* ModifyUsers.swift */ = {isa = PBXFileReference; lastKnownFileType = sourcecode.swift; path = ModifyUsers.swift; sourceTree = "<group>"; };
		F5581369292B835800BD8E41 /* EditUserLine.swift */ = {isa = PBXFileReference; lastKnownFileType = sourcecode.swift; path = EditUserLine.swift; sourceTree = "<group>"; };
		F558136C292B843600BD8E41 /* User.swift */ = {isa = PBXFileReference; lastKnownFileType = sourcecode.swift; path = User.swift; sourceTree = "<group>"; };
		F5581E6E292BBC6D00D40034 /* MainTheme.swift */ = {isa = PBXFileReference; lastKnownFileType = sourcecode.swift; path = MainTheme.swift; sourceTree = "<group>"; };
		F560FC73292BDE67005E4336 /* UserService.swift */ = {isa = PBXFileReference; lastKnownFileType = sourcecode.swift; path = UserService.swift; sourceTree = "<group>"; };
		F5D3966D292E61850067F2CA /* SqliteService.swift */ = {isa = PBXFileReference; lastKnownFileType = sourcecode.swift; path = SqliteService.swift; sourceTree = "<group>"; };
		F5D39670292E64120067F2CA /* UserRepository.swift */ = {isa = PBXFileReference; lastKnownFileType = sourcecode.swift; path = UserRepository.swift; sourceTree = "<group>"; };
/* End PBXFileReference section */

/* Begin PBXFrameworksBuildPhase section */
		F5581343292B5FB600BD8E41 /* Frameworks */ = {
			isa = PBXFrameworksBuildPhase;
			buildActionMask = 2147483647;
			files = (
				F5D3966C292E60590067F2CA /* SQLite in Frameworks */,
			);
			runOnlyForDeploymentPostprocessing = 0;
		};
/* End PBXFrameworksBuildPhase section */

/* Begin PBXGroup section */
		F558133D292B5FB600BD8E41 = {
			isa = PBXGroup;
			children = (
				F5581348292B5FB600BD8E41 /* AscaGames */,
				F5581347292B5FB600BD8E41 /* Products */,
			);
			sourceTree = "<group>";
		};
		F5581347292B5FB600BD8E41 /* Products */ = {
			isa = PBXGroup;
			children = (
				F5581346292B5FB600BD8E41 /* AscaGames.app */,
			);
			name = Products;
			sourceTree = "<group>";
		};
		F5581348292B5FB600BD8E41 /* AscaGames */ = {
			isa = PBXGroup;
			children = (
				F560FC72292BDE58005E4336 /* Services */,
				F558136E292B914300BD8E41 /* Themes */,
				F558136B292B841E00BD8E41 /* Objects */,
				F558135E292B6E7D00BD8E41 /* Utils */,
				F5581357292B642400BD8E41 /* Views */,
				F5581349292B5FB600BD8E41 /* AscaGamesApp.swift */,
				F558134B292B5FB600BD8E41 /* ContentView.swift */,
				F558134D292B5FBA00BD8E41 /* Assets.xcassets */,
				F558134F292B5FBA00BD8E41 /* Preview Content */,
			);
			path = AscaGames;
			sourceTree = "<group>";
		};
		F558134F292B5FBA00BD8E41 /* Preview Content */ = {
			isa = PBXGroup;
			children = (
				F5581350292B5FBA00BD8E41 /* Preview Assets.xcassets */,
			);
			path = "Preview Content";
			sourceTree = "<group>";
		};
		F5581357292B642400BD8E41 /* Views */ = {
			isa = PBXGroup;
			children = (
				F5D39675292E77920067F2CA /* MatchesView */,
				F5D39674292E77830067F2CA /* DashBoardView */,
				F5D39672292E77450067F2CA /* UsersView */,
			);
			path = Views;
			sourceTree = "<group>";
		};
		F558135E292B6E7D00BD8E41 /* Utils */ = {
			isa = PBXGroup;
			children = (
				F558135F292B6EA600BD8E41 /* Extensions.swift */,
			);
			path = Utils;
			sourceTree = "<group>";
		};
		F558136B292B841E00BD8E41 /* Objects */ = {
			isa = PBXGroup;
			children = (
				F558136C292B843600BD8E41 /* User.swift */,
				F552E86D292F5EBD00B9E552 /* MatchType.swift */,
			);
			path = Objects;
			sourceTree = "<group>";
		};
		F558136E292B914300BD8E41 /* Themes */ = {
			isa = PBXGroup;
			children = (
				F5581E6E292BBC6D00D40034 /* MainTheme.swift */,
			);
			path = Themes;
			sourceTree = "<group>";
		};
		F560FC72292BDE58005E4336 /* Services */ = {
			isa = PBXGroup;
			children = (
				F5D3966F292E63AE0067F2CA /* Database */,
				F560FC73292BDE67005E4336 /* UserService.swift */,
				F5D3966D292E61850067F2CA /* SqliteService.swift */,
				F552E871292F619200B9E552 /* MatchTypeService.swift */,
			);
			path = Services;
			sourceTree = "<group>";
		};
		F5D3966F292E63AE0067F2CA /* Database */ = {
			isa = PBXGroup;
			children = (
				F5D39670292E64120067F2CA /* UserRepository.swift */,
				F552E86F292F5F4B00B9E552 /* MatchTypeRepository.swift */,
			);
			path = Database;
			sourceTree = "<group>";
		};
		F5D39672292E77450067F2CA /* UsersView */ = {
			isa = PBXGroup;
			children = (
				F5D39673292E77620067F2CA /* Components */,
				F558135C292B649800BD8E41 /* UsersView.swift */,
			);
			path = UsersView;
			sourceTree = "<group>";
		};
		F5D39673292E77620067F2CA /* Components */ = {
			isa = PBXGroup;
			children = (
				F5581369292B835800BD8E41 /* EditUserLine.swift */,
				F5581363292B751800BD8E41 /* ModifyUsers.swift */,
				F552E867292F527A00B9E552 /* RankingUsers.swift */,
				F552E869292F52F000B9E552 /* RankingUserLine.swift */,
			);
			path = Components;
			sourceTree = "<group>";
		};
		F5D39674292E77830067F2CA /* DashBoardView */ = {
			isa = PBXGroup;
			children = (
				F5581358292B643F00BD8E41 /* DashBoardView.swift */,
			);
			path = DashBoardView;
			sourceTree = "<group>";
		};
		F5D39675292E77920067F2CA /* MatchesView */ = {
			isa = PBXGroup;
			children = (
				F558135A292B646A00BD8E41 /* MatchesView.swift */,
			);
			path = MatchesView;
			sourceTree = "<group>";
		};
/* End PBXGroup section */

/* Begin PBXNativeTarget section */
		F5581345292B5FB600BD8E41 /* AscaGames */ = {
			isa = PBXNativeTarget;
			buildConfigurationList = F5581354292B5FBA00BD8E41 /* Build configuration list for PBXNativeTarget "AscaGames" */;
			buildPhases = (
				F5581342292B5FB600BD8E41 /* Sources */,
				F5581343292B5FB600BD8E41 /* Frameworks */,
				F5581344292B5FB600BD8E41 /* Resources */,
			);
			buildRules = (
			);
			dependencies = (
			);
			name = AscaGames;
			packageProductDependencies = (
				F5D3966B292E60590067F2CA /* SQLite */,
			);
			productName = AscaGames;
			productReference = F5581346292B5FB600BD8E41 /* AscaGames.app */;
			productType = "com.apple.product-type.application";
		};
/* End PBXNativeTarget section */

/* Begin PBXProject section */
		F558133E292B5FB600BD8E41 /* Project object */ = {
			isa = PBXProject;
			attributes = {
				BuildIndependentTargetsInParallel = 1;
				LastSwiftUpdateCheck = 1400;
				LastUpgradeCheck = 1400;
				TargetAttributes = {
					F5581345292B5FB600BD8E41 = {
						CreatedOnToolsVersion = 14.0;
					};
				};
			};
			buildConfigurationList = F5581341292B5FB600BD8E41 /* Build configuration list for PBXProject "AscaGames" */;
			compatibilityVersion = "Xcode 14.0";
			developmentRegion = en;
			hasScannedForEncodings = 0;
			knownRegions = (
				en,
				Base,
			);
			mainGroup = F558133D292B5FB600BD8E41;
			packageReferences = (
				F5D3966A292E60590067F2CA /* XCRemoteSwiftPackageReference "SQLite.swift" */,
			);
			productRefGroup = F5581347292B5FB600BD8E41 /* Products */;
			projectDirPath = "";
			projectRoot = "";
			targets = (
				F5581345292B5FB600BD8E41 /* AscaGames */,
			);
		};
/* End PBXProject section */

/* Begin PBXResourcesBuildPhase section */
		F5581344292B5FB600BD8E41 /* Resources */ = {
			isa = PBXResourcesBuildPhase;
			buildActionMask = 2147483647;
			files = (
				F5581351292B5FBA00BD8E41 /* Preview Assets.xcassets in Resources */,
				F558134E292B5FBA00BD8E41 /* Assets.xcassets in Resources */,
			);
			runOnlyForDeploymentPostprocessing = 0;
		};
/* End PBXResourcesBuildPhase section */

/* Begin PBXSourcesBuildPhase section */
		F5581342292B5FB600BD8E41 /* Sources */ = {
			isa = PBXSourcesBuildPhase;
			buildActionMask = 2147483647;
			files = (
				F558135D292B649800BD8E41 /* UsersView.swift in Sources */,
				F5D3966E292E61850067F2CA /* SqliteService.swift in Sources */,
				F5581360292B6EA600BD8E41 /* Extensions.swift in Sources */,
				F558136A292B835800BD8E41 /* EditUserLine.swift in Sources */,
				F552E86A292F52F000B9E552 /* RankingUserLine.swift in Sources */,
				F558135B292B646A00BD8E41 /* MatchesView.swift in Sources */,
				F5581E6F292BBC6D00D40034 /* MainTheme.swift in Sources */,
				F552E86E292F5EBD00B9E552 /* MatchType.swift in Sources */,
				F5581359292B643F00BD8E41 /* DashBoardView.swift in Sources */,
				F560FC74292BDE67005E4336 /* UserService.swift in Sources */,
				F552E870292F5F4B00B9E552 /* MatchTypeRepository.swift in Sources */,
				F552E872292F619200B9E552 /* MatchTypeService.swift in Sources */,
				F558134C292B5FB600BD8E41 /* ContentView.swift in Sources */,
				F558134A292B5FB600BD8E41 /* AscaGamesApp.swift in Sources */,
				F5D39671292E64120067F2CA /* UserRepository.swift in Sources */,
				F552E868292F527A00B9E552 /* RankingUsers.swift in Sources */,
				F558136D292B843600BD8E41 /* User.swift in Sources */,
				F5581364292B751800BD8E41 /* ModifyUsers.swift in Sources */,
			);
			runOnlyForDeploymentPostprocessing = 0;
		};
/* End PBXSourcesBuildPhase section */

/* Begin XCBuildConfiguration section */
		F5581352292B5FBA00BD8E41 /* Debug */ = {
			isa = XCBuildConfiguration;
			buildSettings = {
				ALWAYS_SEARCH_USER_PATHS = NO;
				CLANG_ANALYZER_NONNULL = YES;
				CLANG_ANALYZER_NUMBER_OBJECT_CONVERSION = YES_AGGRESSIVE;
				CLANG_CXX_LANGUAGE_STANDARD = "gnu++20";
				CLANG_ENABLE_MODULES = YES;
				CLANG_ENABLE_OBJC_ARC = YES;
				CLANG_ENABLE_OBJC_WEAK = YES;
				CLANG_WARN_BLOCK_CAPTURE_AUTORELEASING = YES;
				CLANG_WARN_BOOL_CONVERSION = YES;
				CLANG_WARN_COMMA = YES;
				CLANG_WARN_CONSTANT_CONVERSION = YES;
				CLANG_WARN_DEPRECATED_OBJC_IMPLEMENTATIONS = YES;
				CLANG_WARN_DIRECT_OBJC_ISA_USAGE = YES_ERROR;
				CLANG_WARN_DOCUMENTATION_COMMENTS = YES;
				CLANG_WARN_EMPTY_BODY = YES;
				CLANG_WARN_ENUM_CONVERSION = YES;
				CLANG_WARN_INFINITE_RECURSION = YES;
				CLANG_WARN_INT_CONVERSION = YES;
				CLANG_WARN_NON_LITERAL_NULL_CONVERSION = YES;
				CLANG_WARN_OBJC_IMPLICIT_RETAIN_SELF = YES;
				CLANG_WARN_OBJC_LITERAL_CONVERSION = YES;
				CLANG_WARN_OBJC_ROOT_CLASS = YES_ERROR;
				CLANG_WARN_QUOTED_INCLUDE_IN_FRAMEWORK_HEADER = YES;
				CLANG_WARN_RANGE_LOOP_ANALYSIS = YES;
				CLANG_WARN_STRICT_PROTOTYPES = YES;
				CLANG_WARN_SUSPICIOUS_MOVE = YES;
				CLANG_WARN_UNGUARDED_AVAILABILITY = YES_AGGRESSIVE;
				CLANG_WARN_UNREACHABLE_CODE = YES;
				CLANG_WARN__DUPLICATE_METHOD_MATCH = YES;
				COPY_PHASE_STRIP = NO;
				DEBUG_INFORMATION_FORMAT = dwarf;
				ENABLE_STRICT_OBJC_MSGSEND = YES;
				ENABLE_TESTABILITY = YES;
				GCC_C_LANGUAGE_STANDARD = gnu11;
				GCC_DYNAMIC_NO_PIC = NO;
				GCC_NO_COMMON_BLOCKS = YES;
				GCC_OPTIMIZATION_LEVEL = 0;
				GCC_PREPROCESSOR_DEFINITIONS = (
					"DEBUG=1",
					"$(inherited)",
				);
				GCC_WARN_64_TO_32_BIT_CONVERSION = YES;
				GCC_WARN_ABOUT_RETURN_TYPE = YES_ERROR;
				GCC_WARN_UNDECLARED_SELECTOR = YES;
				GCC_WARN_UNINITIALIZED_AUTOS = YES_AGGRESSIVE;
				GCC_WARN_UNUSED_FUNCTION = YES;
				GCC_WARN_UNUSED_VARIABLE = YES;
				IPHONEOS_DEPLOYMENT_TARGET = 16.0;
				MTL_ENABLE_DEBUG_INFO = INCLUDE_SOURCE;
				MTL_FAST_MATH = YES;
				ONLY_ACTIVE_ARCH = YES;
				SDKROOT = iphoneos;
				SWIFT_ACTIVE_COMPILATION_CONDITIONS = DEBUG;
				SWIFT_OPTIMIZATION_LEVEL = "-Onone";
			};
			name = Debug;
		};
		F5581353292B5FBA00BD8E41 /* Release */ = {
			isa = XCBuildConfiguration;
			buildSettings = {
				ALWAYS_SEARCH_USER_PATHS = NO;
				CLANG_ANALYZER_NONNULL = YES;
				CLANG_ANALYZER_NUMBER_OBJECT_CONVERSION = YES_AGGRESSIVE;
				CLANG_CXX_LANGUAGE_STANDARD = "gnu++20";
				CLANG_ENABLE_MODULES = YES;
				CLANG_ENABLE_OBJC_ARC = YES;
				CLANG_ENABLE_OBJC_WEAK = YES;
				CLANG_WARN_BLOCK_CAPTURE_AUTORELEASING = YES;
				CLANG_WARN_BOOL_CONVERSION = YES;
				CLANG_WARN_COMMA = YES;
				CLANG_WARN_CONSTANT_CONVERSION = YES;
				CLANG_WARN_DEPRECATED_OBJC_IMPLEMENTATIONS = YES;
				CLANG_WARN_DIRECT_OBJC_ISA_USAGE = YES_ERROR;
				CLANG_WARN_DOCUMENTATION_COMMENTS = YES;
				CLANG_WARN_EMPTY_BODY = YES;
				CLANG_WARN_ENUM_CONVERSION = YES;
				CLANG_WARN_INFINITE_RECURSION = YES;
				CLANG_WARN_INT_CONVERSION = YES;
				CLANG_WARN_NON_LITERAL_NULL_CONVERSION = YES;
				CLANG_WARN_OBJC_IMPLICIT_RETAIN_SELF = YES;
				CLANG_WARN_OBJC_LITERAL_CONVERSION = YES;
				CLANG_WARN_OBJC_ROOT_CLASS = YES_ERROR;
				CLANG_WARN_QUOTED_INCLUDE_IN_FRAMEWORK_HEADER = YES;
				CLANG_WARN_RANGE_LOOP_ANALYSIS = YES;
				CLANG_WARN_STRICT_PROTOTYPES = YES;
				CLANG_WARN_SUSPICIOUS_MOVE = YES;
				CLANG_WARN_UNGUARDED_AVAILABILITY = YES_AGGRESSIVE;
				CLANG_WARN_UNREACHABLE_CODE = YES;
				CLANG_WARN__DUPLICATE_METHOD_MATCH = YES;
				COPY_PHASE_STRIP = NO;
				DEBUG_INFORMATION_FORMAT = "dwarf-with-dsym";
				ENABLE_NS_ASSERTIONS = NO;
				ENABLE_STRICT_OBJC_MSGSEND = YES;
				GCC_C_LANGUAGE_STANDARD = gnu11;
				GCC_NO_COMMON_BLOCKS = YES;
				GCC_WARN_64_TO_32_BIT_CONVERSION = YES;
				GCC_WARN_ABOUT_RETURN_TYPE = YES_ERROR;
				GCC_WARN_UNDECLARED_SELECTOR = YES;
				GCC_WARN_UNINITIALIZED_AUTOS = YES_AGGRESSIVE;
				GCC_WARN_UNUSED_FUNCTION = YES;
				GCC_WARN_UNUSED_VARIABLE = YES;
				IPHONEOS_DEPLOYMENT_TARGET = 16.0;
				MTL_ENABLE_DEBUG_INFO = NO;
				MTL_FAST_MATH = YES;
				SDKROOT = iphoneos;
				SWIFT_COMPILATION_MODE = wholemodule;
				SWIFT_OPTIMIZATION_LEVEL = "-O";
				VALIDATE_PRODUCT = YES;
			};
			name = Release;
		};
		F5581355292B5FBA00BD8E41 /* Debug */ = {
			isa = XCBuildConfiguration;
			buildSettings = {
				ASSETCATALOG_COMPILER_APPICON_NAME = AppIcon;
				ASSETCATALOG_COMPILER_GLOBAL_ACCENT_COLOR_NAME = AccentColor;
				CODE_SIGN_STYLE = Automatic;
				CURRENT_PROJECT_VERSION = 1;
				DEVELOPMENT_ASSET_PATHS = "\"AscaGames/Preview Content\"";
				DEVELOPMENT_TEAM = W476C58C2G;
				ENABLE_PREVIEWS = YES;
				GENERATE_INFOPLIST_FILE = YES;
				INFOPLIST_KEY_UIApplicationSceneManifest_Generation = YES;
				INFOPLIST_KEY_UIApplicationSupportsIndirectInputEvents = YES;
				INFOPLIST_KEY_UILaunchScreen_Generation = YES;
				INFOPLIST_KEY_UISupportedInterfaceOrientations_iPad = "UIInterfaceOrientationPortrait UIInterfaceOrientationPortraitUpsideDown UIInterfaceOrientationLandscapeLeft UIInterfaceOrientationLandscapeRight";
				INFOPLIST_KEY_UISupportedInterfaceOrientations_iPhone = "UIInterfaceOrientationPortrait UIInterfaceOrientationLandscapeLeft UIInterfaceOrientationLandscapeRight";
				LD_RUNPATH_SEARCH_PATHS = (
					"$(inherited)",
					"@executable_path/Frameworks",
				);
				MARKETING_VERSION = 1.0;
				PRODUCT_BUNDLE_IDENTIFIER = none.AscaGames;
				PRODUCT_NAME = "$(TARGET_NAME)";
				SWIFT_EMIT_LOC_STRINGS = YES;
				SWIFT_VERSION = 5.0;
				TARGETED_DEVICE_FAMILY = "1,2";
			};
			name = Debug;
		};
		F5581356292B5FBA00BD8E41 /* Release */ = {
			isa = XCBuildConfiguration;
			buildSettings = {
				ASSETCATALOG_COMPILER_APPICON_NAME = AppIcon;
				ASSETCATALOG_COMPILER_GLOBAL_ACCENT_COLOR_NAME = AccentColor;
				CODE_SIGN_STYLE = Automatic;
				CURRENT_PROJECT_VERSION = 1;
				DEVELOPMENT_ASSET_PATHS = "\"AscaGames/Preview Content\"";
				DEVELOPMENT_TEAM = W476C58C2G;
				ENABLE_PREVIEWS = YES;
				GENERATE_INFOPLIST_FILE = YES;
				INFOPLIST_KEY_UIApplicationSceneManifest_Generation = YES;
				INFOPLIST_KEY_UIApplicationSupportsIndirectInputEvents = YES;
				INFOPLIST_KEY_UILaunchScreen_Generation = YES;
				INFOPLIST_KEY_UISupportedInterfaceOrientations_iPad = "UIInterfaceOrientationPortrait UIInterfaceOrientationPortraitUpsideDown UIInterfaceOrientationLandscapeLeft UIInterfaceOrientationLandscapeRight";
				INFOPLIST_KEY_UISupportedInterfaceOrientations_iPhone = "UIInterfaceOrientationPortrait UIInterfaceOrientationLandscapeLeft UIInterfaceOrientationLandscapeRight";
				LD_RUNPATH_SEARCH_PATHS = (
					"$(inherited)",
					"@executable_path/Frameworks",
				);
				MARKETING_VERSION = 1.0;
				PRODUCT_BUNDLE_IDENTIFIER = none.AscaGames;
				PRODUCT_NAME = "$(TARGET_NAME)";
				SWIFT_EMIT_LOC_STRINGS = YES;
				SWIFT_VERSION = 5.0;
				TARGETED_DEVICE_FAMILY = "1,2";
			};
			name = Release;
		};
/* End XCBuildConfiguration section */

/* Begin XCConfigurationList section */
		F5581341292B5FB600BD8E41 /* Build configuration list for PBXProject "AscaGames" */ = {
			isa = XCConfigurationList;
			buildConfigurations = (
				F5581352292B5FBA00BD8E41 /* Debug */,
				F5581353292B5FBA00BD8E41 /* Release */,
			);
			defaultConfigurationIsVisible = 0;
			defaultConfigurationName = Release;
		};
		F5581354292B5FBA00BD8E41 /* Build configuration list for PBXNativeTarget "AscaGames" */ = {
			isa = XCConfigurationList;
			buildConfigurations = (
				F5581355292B5FBA00BD8E41 /* Debug */,
				F5581356292B5FBA00BD8E41 /* Release */,
			);
			defaultConfigurationIsVisible = 0;
			defaultConfigurationName = Release;
		};
/* End XCConfigurationList section */

/* Begin XCRemoteSwiftPackageReference section */
		F5D3966A292E60590067F2CA /* XCRemoteSwiftPackageReference "SQLite.swift" */ = {
			isa = XCRemoteSwiftPackageReference;
			repositoryURL = "https://github.com/stephencelis/SQLite.swift.git";
			requirement = {
				kind = upToNextMajorVersion;
				minimumVersion = 0.9.2;
			};
		};
/* End XCRemoteSwiftPackageReference section */

/* Begin XCSwiftPackageProductDependency section */
		F5D3966B292E60590067F2CA /* SQLite */ = {
			isa = XCSwiftPackageProductDependency;
			package = F5D3966A292E60590067F2CA /* XCRemoteSwiftPackageReference "SQLite.swift" */;
			productName = SQLite;
		};
/* End XCSwiftPackageProductDependency section */
	};
	rootObject = F558133E292B5FB600BD8E41 /* Project object */;
}
